
Microsoft Visual Studio Solution File, Format Version 12.00
# Visual Studio 14
VisualStudioVersion = 14.0.25123.0
MinimumVisualStudioVersion = 10.0.40219.1
Project("{FAE04EC0-301F-11D3-BF4B-00C04F79EFBC}") = "AffichageNombres", "AffichageNombres\AffichageNombres.csproj", "{C94EFB8B-836E-43AF-91A2-A5FE5A3B0958}"
EndProject
Project("{FAE04EC0-301F-11D3-BF4B-00C04F79EFBC}") = "AffichageNombreTest", "AffichageNombreTest\AffichageNombreTest.csproj", "{9B3D8846-9C36-41F4-B8D2-1B5E9BEA9241}"
EndProject
Global
	GlobalSection(SolutionConfigurationPlatforms) = preSolution
		Debug|Any CPU = Debug|Any CPU
		Release|Any CPU = Release|Any CPU
	EndGlobalSection
	GlobalSection(ProjectConfigurationPlatforms) = postSolution
		{C94EFB8B-836E-43AF-91A2-A5FE5A3B0958}.Debug|Any CPU.ActiveCfg = Debug|Any CPU
		{C94EFB8B-836E-43AF-91A2-A5FE5A3B0958}.Debug|Any CPU.Build.0 = Debug|Any CPU
		{C94EFB8B-836E-43AF-91A2-A5FE5A3B0958}.Release|Any CPU.ActiveCfg = Release|Any CPU
		{C94EFB8B-836E-43AF-91A2-A5FE5A3B0958}.Release|Any CPU.Build.0 = Release|Any CPU
		{9B3D8846-9C36-41F4-B8D2-1B5E9BEA9241}.Debug|Any CPU.ActiveCfg = Debug|Any CPU
		{9B3D8846-9C36-41F4-B8D2-1B5E9BEA9241}.Debug|Any CPU.Build.0 = Debug|Any CPU
		{9B3D8846-9C36-41F4-B8D2-1B5E9BEA9241}.Release|Any CPU.ActiveCfg = Release|Any CPU
		{9B3D8846-9C36-41F4-B8D2-1B5E9BEA9241}.Release|Any CPU.Build.0 = Release|Any CPU
	EndGlobalSection
	GlobalSection(SolutionProperties) = preSolution
		HideSolutionNode = FALSE
	EndGlobalSection
EndGlobal
